
Microsoft Visual Studio Solution File, Format Version 12.00
# Visual Studio Version 17
VisualStudioVersion = 17.14.36915.13 d17.14
MinimumVisualStudioVersion = 10.0.40219.1
Project("{888888A0-9F3D-457C-B088-3A5042F75D52}") = "ClimaApp", "ClimaApp.pyproj", "{787FC94C-4B32-4CD1-ABFB-59117A335263}"
EndProject
Global
	GlobalSection(SolutionConfigurationPlatforms) = preSolution
		Debug|Any CPU = Debug|Any CPU
		Release|Any CPU = Release|Any CPU
	EndGlobalSection
	GlobalSection(ProjectConfigurationPlatforms) = postSolution
		{787FC94C-4B32-4CD1-ABFB-59117A335263}.Debug|Any CPU.ActiveCfg = Debug|Any CPU
		{787FC94C-4B32-4CD1-ABFB-59117A335263}.Release|Any CPU.ActiveCfg = Release|Any CPU
	EndGlobalSection
	GlobalSection(SolutionProperties) = preSolution
		HideSolutionNode = FALSE
	EndGlobalSection
	GlobalSection(ExtensibilityGlobals) = postSolution
		SolutionGuid = {8A406156-9F15-4E77-B07F-B23F92FBEF22}
	EndGlobalSection
EndGlobal
